
Microsoft Visual Studio Solution File, Format Version 12.00
# Visual Studio Version 17
VisualStudioVersion = 17.1.32328.378
MinimumVisualStudioVersion = 10.0.40219.1
Project("{2150E333-8FDC-42A3-9474-1A3956D46DE8}") = "Src", "Src", "{14455575-7A00-466A-8378-EB729A95DA0D}"
EndProject
Project("{2150E333-8FDC-42A3-9474-1A3956D46DE8}") = "Tests", "Tests", "{1A9B9FEA-A57A-464B-AD42-694878489476}"
EndProject
Project("{9A19103F-16F7-4668-BE54-9A1E7A4F7556}") = "Vculp.Api", "Src\Vculp.Api\Vculp.Api.csproj", "{EAEDD8CB-EB8D-4DC1-9029-BE1A5EE7E8B3}"
EndProject
Project("{E53339B2-1760-4266-BCC7-CA923CBCF16C}") = "docker-compose", "docker-compose.dcproj", "{6A5E7324-187D-4ABF-B191-5879AD523559}"
EndProject
Project("{2150E333-8FDC-42A3-9474-1A3956D46DE8}") = "Core", "Core", "{CA9057DA-4062-4218-B4E9-B01E2F0CF04C}"
EndProject
Project("{2150E333-8FDC-42A3-9474-1A3956D46DE8}") = "Api", "Api", "{2CE86FF8-ACB6-4E8C-BF3A-A3D9A70F15F4}"
EndProject
Project("{9A19103F-16F7-4668-BE54-9A1E7A4F7556}") = "Vculp.Api.Application.Services", "Src\Vculp.Api.Application.Services\Vculp.Api.Application.Services.csproj", "{63CCAC80-FEFC-49C6-A9B0-4F7854A6AE6C}"
EndProject
Project("{9A19103F-16F7-4668-BE54-9A1E7A4F7556}") = "Vculp.Api.Application.Services.Interfaces", "Src\Vculp.Api.Application.Services.Interfaces\Vculp.Api.Application.Services.Interfaces.csproj", "{24C8FBF5-D75A-4DEE-9A1A-1FB65D554A5A}"
EndProject
Project("{9A19103F-16F7-4668-BE54-9A1E7A4F7556}") = "Vculp.Api.Bootstrapper", "Src\Vculp.Api.Bootstrapper\Vculp.Api.Bootstrapper.csproj", "{EF09DE39-A56A-49AA-BE98-8B2FB501DF9B}"
EndProject
Project("{9A19103F-16F7-4668-BE54-9A1E7A4F7556}") = "Vculp.Api.Common", "Src\Vculp.Api.Common\Vculp.Api.Common.csproj", "{6FEA02A2-5783-499F-8C7B-CBDD5157494A}"
EndProject
Project("{9A19103F-16F7-4668-BE54-9A1E7A4F7556}") = "Vculp.Api.Data.EntityFramework", "Src\Vculp.Api.Data.EntityFramework\Vculp.Api.Data.EntityFramework.csproj", "{B224855A-323F-4846-8F6C-2F2EBA287A5B}"
EndProject
Project("{9A19103F-16F7-4668-BE54-9A1E7A4F7556}") = "Vculp.Api.Domain", "Src\Vculp.Api.Domain\Vculp.Api.Domain.csproj", "{B6121B97-354D-4E75-A001-876AFC9536B7}"
EndProject
Project("{9A19103F-16F7-4668-BE54-9A1E7A4F7556}") = "Vculp.Api.Domain.Core", "Src\Vculp.Api.Domain.Core\Vculp.Api.Domain.Core.csproj", "{08F2EA57-F84F-4BE2-9A95-A59CC0787690}"
EndProject
Project("{9A19103F-16F7-4668-BE54-9A1E7A4F7556}") = "Vculp.Api.Domain.Interfaces", "Src\Vculp.Api.Domain.Interfaces\Vculp.Api.Domain.Interfaces.csproj", "{3D499D36-AFE2-4F8E-92D5-613F596ACFE2}"
EndProject
Project("{9A19103F-16F7-4668-BE54-9A1E7A4F7556}") = "Vculp.Services.Interfaces", "Src\Vculp.Services.Interfaces\Vculp.Services.Interfaces.csproj", "{CDCD2DF4-AA86-478F-B4DC-2FEB5249BBE2}"
EndProject
Project("{2150E333-8FDC-42A3-9474-1A3956D46DE8}") = "Shared", "Shared", "{3A4C0B6F-7B09-4EA5-B36A-A6C68B3184CE}"
EndProject
Project("{9A19103F-16F7-4668-BE54-9A1E7A4F7556}") = "Vculp.DDD.Shared", "Src\Vculp.DDD.Shared\Vculp.DDD.Shared.csproj", "{27A034C1-431E-40CF-8F09-AA87A024251C}"
EndProject
Project("{9A19103F-16F7-4668-BE54-9A1E7A4F7556}") = "Vculp.TransactionalOutbox", "Src\Vculp.TransactionalOutbox\Vculp.TransactionalOutbox.csproj", "{0E8DDD75-2236-4A27-B9DB-6EC4E5260906}"
EndProject
Project("{9A19103F-16F7-4668-BE54-9A1E7A4F7556}") = "Vculp.Api.Shared.Abstractions", "Src\Vculp.Api.Shared.Abstractions\Vculp.Api.Shared.Abstractions.csproj", "{F8DBD22D-7C3B-47E7-8C3B-67CDC2804746}"
EndProject
Project("{9A19103F-16F7-4668-BE54-9A1E7A4F7556}") = "Vculp.Extensions", "Src\Vculp.Extensions\Vculp.Extensions.csproj", "{5306E0C8-B9DA-4784-8ABE-B40841FB97C1}"
EndProject
Project("{9A19103F-16F7-4668-BE54-9A1E7A4F7556}") = "Vculp.Api.Shared", "Src\Vculp.Api.Shared\Vculp.Api.Shared.csproj", "{B8574D56-3EE7-4DC3-B7F4-29B55BA55F78}"
EndProject
Project("{9A19103F-16F7-4668-BE54-9A1E7A4F7556}") = "Vculp.Api.Application.Services.Tests", "Tests\Vculp.Api.Application.Services.Tests\Vculp.Api.Application.Services.Tests.csproj", "{FF2D4669-A2EC-4E5B-B590-EDEEB0563830}"
EndProject
Global
	GlobalSection(SolutionConfigurationPlatforms) = preSolution
		Debug|Any CPU = Debug|Any CPU
		Release|Any CPU = Release|Any CPU
	EndGlobalSection
	GlobalSection(ProjectConfigurationPlatforms) = postSolution
		{EAEDD8CB-EB8D-4DC1-9029-BE1A5EE7E8B3}.Debug|Any CPU.ActiveCfg = Debug|Any CPU
		{EAEDD8CB-EB8D-4DC1-9029-BE1A5EE7E8B3}.Debug|Any CPU.Build.0 = Debug|Any CPU
		{EAEDD8CB-EB8D-4DC1-9029-BE1A5EE7E8B3}.Release|Any CPU.ActiveCfg = Release|Any CPU
		{EAEDD8CB-EB8D-4DC1-9029-BE1A5EE7E8B3}.Release|Any CPU.Build.0 = Release|Any CPU
		{6A5E7324-187D-4ABF-B191-5879AD523559}.Debug|Any CPU.ActiveCfg = Debug|Any CPU
		{6A5E7324-187D-4ABF-B191-5879AD523559}.Release|Any CPU.ActiveCfg = Release|Any CPU
		{6A5E7324-187D-4ABF-B191-5879AD523559}.Release|Any CPU.Build.0 = Release|Any CPU
		{63CCAC80-FEFC-49C6-A9B0-4F7854A6AE6C}.Debug|Any CPU.ActiveCfg = Debug|Any CPU
		{63CCAC80-FEFC-49C6-A9B0-4F7854A6AE6C}.Debug|Any CPU.Build.0 = Debug|Any CPU
		{63CCAC80-FEFC-49C6-A9B0-4F7854A6AE6C}.Release|Any CPU.ActiveCfg = Release|Any CPU
		{63CCAC80-FEFC-49C6-A9B0-4F7854A6AE6C}.Release|Any CPU.Build.0 = Release|Any CPU
		{24C8FBF5-D75A-4DEE-9A1A-1FB65D554A5A}.Debug|Any CPU.ActiveCfg = Debug|Any CPU
		{24C8FBF5-D75A-4DEE-9A1A-1FB65D554A5A}.Debug|Any CPU.Build.0 = Debug|Any CPU
		{24C8FBF5-D75A-4DEE-9A1A-1FB65D554A5A}.Release|Any CPU.ActiveCfg = Release|Any CPU
		{24C8FBF5-D75A-4DEE-9A1A-1FB65D554A5A}.Release|Any CPU.Build.0 = Release|Any CPU
		{EF09DE39-A56A-49AA-BE98-8B2FB501DF9B}.Debug|Any CPU.ActiveCfg = Debug|Any CPU
		{EF09DE39-A56A-49AA-BE98-8B2FB501DF9B}.Debug|Any CPU.Build.0 = Debug|Any CPU
		{EF09DE39-A56A-49AA-BE98-8B2FB501DF9B}.Release|Any CPU.ActiveCfg = Release|Any CPU
		{EF09DE39-A56A-49AA-BE98-8B2FB501DF9B}.Release|Any CPU.Build.0 = Release|Any CPU
		{6FEA02A2-5783-499F-8C7B-CBDD5157494A}.Debug|Any CPU.ActiveCfg = Debug|Any CPU
		{6FEA02A2-5783-499F-8C7B-CBDD5157494A}.Debug|Any CPU.Build.0 = Debug|Any CPU
		{6FEA02A2-5783-499F-8C7B-CBDD5157494A}.Release|Any CPU.ActiveCfg = Release|Any CPU
		{6FEA02A2-5783-499F-8C7B-CBDD5157494A}.Release|Any CPU.Build.0 = Release|Any CPU
		{B224855A-323F-4846-8F6C-2F2EBA287A5B}.Debug|Any CPU.ActiveCfg = Debug|Any CPU
		{B224855A-323F-4846-8F6C-2F2EBA287A5B}.Debug|Any CPU.Build.0 = Debug|Any CPU
		{B224855A-323F-4846-8F6C-2F2EBA287A5B}.Release|Any CPU.ActiveCfg = Release|Any CPU
		{B224855A-323F-4846-8F6C-2F2EBA287A5B}.Release|Any CPU.Build.0 = Release|Any CPU
		{B6121B97-354D-4E75-A001-876AFC9536B7}.Debug|Any CPU.ActiveCfg = Debug|Any CPU
		{B6121B97-354D-4E75-A001-876AFC9536B7}.Debug|Any CPU.Build.0 = Debug|Any CPU
		{B6121B97-354D-4E75-A001-876AFC9536B7}.Release|Any CPU.ActiveCfg = Release|Any CPU
		{B6121B97-354D-4E75-A001-876AFC9536B7}.Release|Any CPU.Build.0 = Release|Any CPU
		{08F2EA57-F84F-4BE2-9A95-A59CC0787690}.Debug|Any CPU.ActiveCfg = Debug|Any CPU
		{08F2EA57-F84F-4BE2-9A95-A59CC0787690}.Debug|Any CPU.Build.0 = Debug|Any CPU
		{08F2EA57-F84F-4BE2-9A95-A59CC0787690}.Release|Any CPU.ActiveCfg = Release|Any CPU
		{08F2EA57-F84F-4BE2-9A95-A59CC0787690}.Release|Any CPU.Build.0 = Release|Any CPU
		{3D499D36-AFE2-4F8E-92D5-613F596ACFE2}.Debug|Any CPU.ActiveCfg = Debug|Any CPU
		{3D499D36-AFE2-4F8E-92D5-613F596ACFE2}.Debug|Any CPU.Build.0 = Debug|Any CPU
		{3D499D36-AFE2-4F8E-92D5-613F596ACFE2}.Release|Any CPU.ActiveCfg = Release|Any CPU
		{3D499D36-AFE2-4F8E-92D5-613F596ACFE2}.Release|Any CPU.Build.0 = Release|Any CPU
		{CDCD2DF4-AA86-478F-B4DC-2FEB5249BBE2}.Debug|Any CPU.ActiveCfg = Debug|Any CPU
		{CDCD2DF4-AA86-478F-B4DC-2FEB5249BBE2}.Debug|Any CPU.Build.0 = Debug|Any CPU
		{CDCD2DF4-AA86-478F-B4DC-2FEB5249BBE2}.Release|Any CPU.ActiveCfg = Release|Any CPU
		{CDCD2DF4-AA86-478F-B4DC-2FEB5249BBE2}.Release|Any CPU.Build.0 = Release|Any CPU
		{27A034C1-431E-40CF-8F09-AA87A024251C}.Debug|Any CPU.ActiveCfg = Debug|Any CPU
		{27A034C1-431E-40CF-8F09-AA87A024251C}.Debug|Any CPU.Build.0 = Debug|Any CPU
		{27A034C1-431E-40CF-8F09-AA87A024251C}.Release|Any CPU.ActiveCfg = Release|Any CPU
		{27A034C1-431E-40CF-8F09-AA87A024251C}.Release|Any CPU.Build.0 = Release|Any CPU
		{0E8DDD75-2236-4A27-B9DB-6EC4E5260906}.Debug|Any CPU.ActiveCfg = Debug|Any CPU
		{0E8DDD75-2236-4A27-B9DB-6EC4E5260906}.Debug|Any CPU.Build.0 = Debug|Any CPU
		{0E8DDD75-2236-4A27-B9DB-6EC4E5260906}.Release|Any CPU.ActiveCfg = Release|Any CPU
		{0E8DDD75-2236-4A27-B9DB-6EC4E5260906}.Release|Any CPU.Build.0 = Release|Any CPU
		{F8DBD22D-7C3B-47E7-8C3B-67CDC2804746}.Debug|Any CPU.ActiveCfg = Debug|Any CPU
		{F8DBD22D-7C3B-47E7-8C3B-67CDC2804746}.Debug|Any CPU.Build.0 = Debug|Any CPU
		{F8DBD22D-7C3B-47E7-8C3B-67CDC2804746}.Release|Any CPU.ActiveCfg = Release|Any CPU
		{F8DBD22D-7C3B-47E7-8C3B-67CDC2804746}.Release|Any CPU.Build.0 = Release|Any CPU
		{5306E0C8-B9DA-4784-8ABE-B40841FB97C1}.Debug|Any CPU.ActiveCfg = Debug|Any CPU
		{5306E0C8-B9DA-4784-8ABE-B40841FB97C1}.Debug|Any CPU.Build.0 = Debug|Any CPU
		{5306E0C8-B9DA-4784-8ABE-B40841FB97C1}.Release|Any CPU.ActiveCfg = Release|Any CPU
		{5306E0C8-B9DA-4784-8ABE-B40841FB97C1}.Release|Any CPU.Build.0 = Release|Any CPU
		{B8574D56-3EE7-4DC3-B7F4-29B55BA55F78}.Debug|Any CPU.ActiveCfg = Debug|Any CPU
		{B8574D56-3EE7-4DC3-B7F4-29B55BA55F78}.Debug|Any CPU.Build.0 = Debug|Any CPU
		{B8574D56-3EE7-4DC3-B7F4-29B55BA55F78}.Release|Any CPU.ActiveCfg = Release|Any CPU
		{B8574D56-3EE7-4DC3-B7F4-29B55BA55F78}.Release|Any CPU.Build.0 = Release|Any CPU
		{FF2D4669-A2EC-4E5B-B590-EDEEB0563830}.Debug|Any CPU.ActiveCfg = Debug|Any CPU
		{FF2D4669-A2EC-4E5B-B590-EDEEB0563830}.Debug|Any CPU.Build.0 = Debug|Any CPU
		{FF2D4669-A2EC-4E5B-B590-EDEEB0563830}.Release|Any CPU.ActiveCfg = Release|Any CPU
		{FF2D4669-A2EC-4E5B-B590-EDEEB0563830}.Release|Any CPU.Build.0 = Release|Any CPU
	EndGlobalSection
	GlobalSection(SolutionProperties) = preSolution
		HideSolutionNode = FALSE
	EndGlobalSection
	GlobalSection(NestedProjects) = preSolution
		{EAEDD8CB-EB8D-4DC1-9029-BE1A5EE7E8B3} = {2CE86FF8-ACB6-4E8C-BF3A-A3D9A70F15F4}
		{CA9057DA-4062-4218-B4E9-B01E2F0CF04C} = {14455575-7A00-466A-8378-EB729A95DA0D}
		{2CE86FF8-ACB6-4E8C-BF3A-A3D9A70F15F4} = {14455575-7A00-466A-8378-EB729A95DA0D}
		{63CCAC80-FEFC-49C6-A9B0-4F7854A6AE6C} = {CA9057DA-4062-4218-B4E9-B01E2F0CF04C}
		{24C8FBF5-D75A-4DEE-9A1A-1FB65D554A5A} = {CA9057DA-4062-4218-B4E9-B01E2F0CF04C}
		{EF09DE39-A56A-49AA-BE98-8B2FB501DF9B} = {CA9057DA-4062-4218-B4E9-B01E2F0CF04C}
		{6FEA02A2-5783-499F-8C7B-CBDD5157494A} = {CA9057DA-4062-4218-B4E9-B01E2F0CF04C}
		{B224855A-323F-4846-8F6C-2F2EBA287A5B} = {CA9057DA-4062-4218-B4E9-B01E2F0CF04C}
		{B6121B97-354D-4E75-A001-876AFC9536B7} = {CA9057DA-4062-4218-B4E9-B01E2F0CF04C}
		{08F2EA57-F84F-4BE2-9A95-A59CC0787690} = {CA9057DA-4062-4218-B4E9-B01E2F0CF04C}
		{3D499D36-AFE2-4F8E-92D5-613F596ACFE2} = {CA9057DA-4062-4218-B4E9-B01E2F0CF04C}
		{CDCD2DF4-AA86-478F-B4DC-2FEB5249BBE2} = {CA9057DA-4062-4218-B4E9-B01E2F0CF04C}
		{3A4C0B6F-7B09-4EA5-B36A-A6C68B3184CE} = {14455575-7A00-466A-8378-EB729A95DA0D}
		{27A034C1-431E-40CF-8F09-AA87A024251C} = {3A4C0B6F-7B09-4EA5-B36A-A6C68B3184CE}
		{0E8DDD75-2236-4A27-B9DB-6EC4E5260906} = {3A4C0B6F-7B09-4EA5-B36A-A6C68B3184CE}
		{F8DBD22D-7C3B-47E7-8C3B-67CDC2804746} = {3A4C0B6F-7B09-4EA5-B36A-A6C68B3184CE}
		{5306E0C8-B9DA-4784-8ABE-B40841FB97C1} = {3A4C0B6F-7B09-4EA5-B36A-A6C68B3184CE}
		{B8574D56-3EE7-4DC3-B7F4-29B55BA55F78} = {3A4C0B6F-7B09-4EA5-B36A-A6C68B3184CE}
		{FF2D4669-A2EC-4E5B-B590-EDEEB0563830} = {1A9B9FEA-A57A-464B-AD42-694878489476}
	EndGlobalSection
	GlobalSection(ExtensibilityGlobals) = postSolution
		SolutionGuid = {2B60A04C-AA9D-4CA6-9932-B9B6B42E56B0}
	EndGlobalSection
EndGlobal
